
Microsoft Visual Studio Solution File, Format Version 12.00
# Visual Studio Version 16
VisualStudioVersion = 16.0.30413.136
MinimumVisualStudioVersion = 10.0.40219.1
Project("{9A19103F-16F7-4668-BE54-9A1E7A4F7556}") = "ContactsAPI", "ContactsAPI.csproj", "{74AC2BB4-0924-44F5-B7B3-19B0F2AEFE7E}"
EndProject
Global
	GlobalSection(SolutionConfigurationPlatforms) = preSolution
		Debug|Any CPU = Debug|Any CPU
		Release|Any CPU = Release|Any CPU
	EndGlobalSection
	GlobalSection(ProjectConfigurationPlatforms) = postSolution
		{74AC2BB4-0924-44F5-B7B3-19B0F2AEFE7E}.Debug|Any CPU.ActiveCfg = Debug|Any CPU
		{74AC2BB4-0924-44F5-B7B3-19B0F2AEFE7E}.Debug|Any CPU.Build.0 = Debug|Any CPU
		{74AC2BB4-0924-44F5-B7B3-19B0F2AEFE7E}.Release|Any CPU.ActiveCfg = Release|Any CPU
		{74AC2BB4-0924-44F5-B7B3-19B0F2AEFE7E}.Release|Any CPU.Build.0 = Release|Any CPU
	EndGlobalSection
	GlobalSection(SolutionProperties) = preSolution
		HideSolutionNode = FALSE
	EndGlobalSection
	GlobalSection(ExtensibilityGlobals) = postSolution
		SolutionGuid = {21FB2390-C5D7-489B-808A-E1C77EF426B2}
	EndGlobalSection
EndGlobal
